// !$*UTF8*$!
{
	archiveVersion = 1;
	classes = {
	};
	objectVersion = 77;
	objects = {

/* Begin PBXFileReference section */
		A10000032F64000000A00001 /* Aegis Secret.app */ = {isa = PBXFileReference; explicitFileType = wrapper.application; includeInIndex = 0; path = "Aegis Secret.app"; sourceTree = BUILT_PRODUCTS_DIR; };
		A10000162F64000000A00001 /* Signing.xcconfig */ = {isa = PBXFileReference; lastKnownFileType = text.xcconfig; path = Config/Signing.xcconfig; sourceTree = "<group>"; };
/* End PBXFileReference section */

/* Begin PBXFileSystemSynchronizedRootGroup section */
		A10000042F64000000A00001 /* Aegis Secret App */ = {
			isa = PBXFileSystemSynchronizedRootGroup;
			path = "Aegis Secret App";
			sourceTree = "<group>";
		};
		A10000052F64000000A00001 /* Sources/AegisSecretCore */ = {
			isa = PBXFileSystemSynchronizedRootGroup;
			path = Sources/AegisSecretCore;
			sourceTree = "<group>";
		};
/* End PBXFileSystemSynchronizedRootGroup section */

/* Begin PBXFrameworksBuildPhase section */
		A10000082F64000000A00001 /* Frameworks */ = {
			isa = PBXFrameworksBuildPhase;
			buildActionMask = 2147483647;
			files = (
			);
			runOnlyForDeploymentPostprocessing = 0;
		};
/* End PBXFrameworksBuildPhase section */

/* Begin PBXGroup section */
		A10000012F64000000A00001 = {
			isa = PBXGroup;
			children = (
				A10000042F64000000A00001 /* Aegis Secret App */,
				A10000052F64000000A00001 /* Sources/AegisSecretCore */,
				A10000162F64000000A00001 /* Signing.xcconfig */,
				A10000022F64000000A00001 /* Products */,
			);
			sourceTree = "<group>";
		};
		A10000022F64000000A00001 /* Products */ = {
			isa = PBXGroup;
			children = (
				A10000032F64000000A00001 /* Aegis Secret.app */,
			);
			name = Products;
			sourceTree = "<group>";
		};
/* End PBXGroup section */

/* Begin PBXNativeTarget section */
		A10000092F64000000A00001 /* Aegis Secret */ = {
			isa = PBXNativeTarget;
			buildConfigurationList = A10000152F64000000A00001 /* Build configuration list for PBXNativeTarget "Aegis Secret" */;
			buildPhases = (
				A10000072F64000000A00001 /* Sources */,
				A10000082F64000000A00001 /* Frameworks */,
				A100000A2F64000000A00001 /* Resources */,
			);
			buildRules = (
			);
			dependencies = (
			);
			fileSystemSynchronizedGroups = (
				A10000042F64000000A00001 /* Aegis Secret App */,
				A10000052F64000000A00001 /* Sources/AegisSecretCore */,
			);
			name = "Aegis Secret";
			packageProductDependencies = (
			);
			productName = "Aegis Secret";
			productReference = A10000032F64000000A00001 /* Aegis Secret.app */;
			productType = "com.apple.product-type.application";
		};
/* End PBXNativeTarget section */

/* Begin PBXProject section */
		A10000062F64000000A00001 /* Project object */ = {
			isa = PBXProject;
			attributes = {
				BuildIndependentTargetsInParallel = 1;
				LastSwiftUpdateCheck = 2630;
				LastUpgradeCheck = 2630;
				TargetAttributes = {
					A10000092F64000000A00001 = {
						CreatedOnToolsVersion = 26.3;
						SystemCapabilities = {
							com.apple.Keychain = {
								enabled = 1;
							};
						};
					};
				};
			};
			buildConfigurationList = A100000B2F64000000A00001 /* Build configuration list for PBXProject "Aegis Secret" */;
			developmentRegion = en;
			hasScannedForEncodings = 0;
			knownRegions = (
				en,
				Base,
			);
			mainGroup = A10000012F64000000A00001;
			minimizedProjectReferenceProxies = 1;
			preferredProjectObjectVersion = 77;
			productRefGroup = A10000022F64000000A00001 /* Products */;
			projectDirPath = "";
			projectRoot = "";
			targets = (
				A10000092F64000000A00001 /* Aegis Secret */,
			);
		};
/* End PBXProject section */

/* Begin PBXResourcesBuildPhase section */
		A100000A2F64000000A00001 /* Resources */ = {
			isa = PBXResourcesBuildPhase;
			buildActionMask = 2147483647;
			files = (
			);
			runOnlyForDeploymentPostprocessing = 0;
		};
/* End PBXResourcesBuildPhase section */

/* Begin PBXSourcesBuildPhase section */
		A10000072F64000000A00001 /* Sources */ = {
			isa = PBXSourcesBuildPhase;
			buildActionMask = 2147483647;
			files = (
			);
			runOnlyForDeploymentPostprocessing = 0;
		};
/* End PBXSourcesBuildPhase section */

/* Begin XCBuildConfiguration section */
		A100000D2F64000000A00001 /* Debug */ = {
			isa = XCBuildConfiguration;
			buildSettings = {
				ALWAYS_SEARCH_USER_PATHS = NO;
				CLANG_ENABLE_MODULES = YES;
				CLANG_ENABLE_OBJC_ARC = YES;
				CLANG_WARN_DOCUMENTATION_COMMENTS = YES;
				COPY_PHASE_STRIP = NO;
				DEBUG_INFORMATION_FORMAT = dwarf;
				ENABLE_STRICT_OBJC_MSGSEND = YES;
				ENABLE_TESTABILITY = YES;
				ENABLE_USER_SCRIPT_SANDBOXING = NO;
				GCC_C_LANGUAGE_STANDARD = gnu17;
				GCC_NO_COMMON_BLOCKS = YES;
				GCC_WARN_ABOUT_RETURN_TYPE = YES_ERROR;
				GCC_WARN_UNINITIALIZED_AUTOS = YES_AGGRESSIVE;
				GCC_WARN_UNUSED_FUNCTION = YES;
				GCC_WARN_UNUSED_VARIABLE = YES;
				MACOSX_DEPLOYMENT_TARGET = 14.0;
				ONLY_ACTIVE_ARCH = YES;
				SDKROOT = macosx;
				SWIFT_ACTIVE_COMPILATION_CONDITIONS = "DEBUG $(inherited)";
				SWIFT_OPTIMIZATION_LEVEL = "-Onone";
			};
			name = Debug;
		};
		A100000E2F64000000A00001 /* Release */ = {
			isa = XCBuildConfiguration;
			buildSettings = {
				ALWAYS_SEARCH_USER_PATHS = NO;
				CLANG_ENABLE_MODULES = YES;
				CLANG_ENABLE_OBJC_ARC = YES;
				CLANG_WARN_DOCUMENTATION_COMMENTS = YES;
				COPY_PHASE_STRIP = NO;
				DEBUG_INFORMATION_FORMAT = "dwarf-with-dsym";
				ENABLE_NS_ASSERTIONS = NO;
				ENABLE_STRICT_OBJC_MSGSEND = YES;
				ENABLE_USER_SCRIPT_SANDBOXING = NO;
				GCC_C_LANGUAGE_STANDARD = gnu17;
				GCC_NO_COMMON_BLOCKS = YES;
				GCC_WARN_ABOUT_RETURN_TYPE = YES_ERROR;
				GCC_WARN_UNINITIALIZED_AUTOS = YES_AGGRESSIVE;
				GCC_WARN_UNUSED_FUNCTION = YES;
				GCC_WARN_UNUSED_VARIABLE = YES;
				MACOSX_DEPLOYMENT_TARGET = 14.0;
				SDKROOT = macosx;
				SWIFT_COMPILATION_MODE = wholemodule;
			};
			name = Release;
		};
		A10000132F64000000A00001 /* Debug */ = {
			isa = XCBuildConfiguration;
			baseConfigurationReference = A10000162F64000000A00001 /* Signing.xcconfig */;
			buildSettings = {
				CODE_SIGN_ENTITLEMENTS = "Aegis Secret App/Aegis Secret.entitlements";
				CODE_SIGN_STYLE = Automatic;
				CURRENT_PROJECT_VERSION = 1;
				ENABLE_APP_SANDBOX = NO;
				ENABLE_HARDENED_RUNTIME = YES;
				EXECUTABLE_NAME = "aegis-secret";
				GENERATE_INFOPLIST_FILE = YES;
				INFOPLIST_KEY_CFBundleDisplayName = "Aegis Secret";
				INFOPLIST_KEY_LSMinimumSystemVersion = 14.0;
				LD_RUNPATH_SEARCH_PATHS = "@executable_path/../Frameworks";
				MACOSX_DEPLOYMENT_TARGET = 14.0;
				MARKETING_VERSION = 0.2.0;
				PRODUCT_BUNDLE_IDENTIFIER = "com.olympum.aegis-secret";
				PRODUCT_NAME = "Aegis Secret";
				SDKROOT = macosx;
				SUPPORTED_PLATFORMS = macosx;
				SWIFT_EMIT_LOC_STRINGS = NO;
				SWIFT_VERSION = 5.0;
			};
			name = Debug;
		};
		A10000142F64000000A00001 /* Release */ = {
			isa = XCBuildConfiguration;
			baseConfigurationReference = A10000162F64000000A00001 /* Signing.xcconfig */;
			buildSettings = {
				CODE_SIGN_ENTITLEMENTS = "Aegis Secret App/Aegis Secret.entitlements";
				CODE_SIGN_STYLE = Automatic;
				CURRENT_PROJECT_VERSION = 1;
				ENABLE_APP_SANDBOX = NO;
				ENABLE_HARDENED_RUNTIME = YES;
				EXECUTABLE_NAME = "aegis-secret";
				GENERATE_INFOPLIST_FILE = YES;
				INFOPLIST_KEY_CFBundleDisplayName = "Aegis Secret";
				INFOPLIST_KEY_LSMinimumSystemVersion = 14.0;
				LD_RUNPATH_SEARCH_PATHS = "@executable_path/../Frameworks";
				MACOSX_DEPLOYMENT_TARGET = 14.0;
				MARKETING_VERSION = 0.2.0;
				PRODUCT_BUNDLE_IDENTIFIER = "com.olympum.aegis-secret";
				PRODUCT_NAME = "Aegis Secret";
				SDKROOT = macosx;
				SUPPORTED_PLATFORMS = macosx;
				SWIFT_EMIT_LOC_STRINGS = NO;
				SWIFT_VERSION = 5.0;
			};
			name = Release;
		};
/* End XCBuildConfiguration section */

/* Begin XCConfigurationList section */
		A100000B2F64000000A00001 /* Build configuration list for PBXProject "Aegis Secret" */ = {
			isa = XCConfigurationList;
			buildConfigurations = (
				A100000D2F64000000A00001 /* Debug */,
				A100000E2F64000000A00001 /* Release */,
			);
			defaultConfigurationIsVisible = 0;
			defaultConfigurationName = Release;
		};
		A10000152F64000000A00001 /* Build configuration list for PBXNativeTarget "Aegis Secret" */ = {
			isa = XCConfigurationList;
			buildConfigurations = (
				A10000132F64000000A00001 /* Debug */,
				A10000142F64000000A00001 /* Release */,
			);
			defaultConfigurationIsVisible = 0;
			defaultConfigurationName = Release;
		};
/* End XCConfigurationList section */
	};
	rootObject = A10000062F64000000A00001 /* Project object */;
}
